
Microsoft Visual Studio Solution File, Format Version 12.00
# Visual Studio Version 17
VisualStudioVersion = 17.1.32210.238
MinimumVisualStudioVersion = 10.0.40219.1
Project("{FAE04EC0-301F-11D3-BF4B-00C04F79EFBC}") = "Solution", "Solution.csproj", "{743CB350-8687-4906-8EFD-01375080FC7D}"
EndProject
Global
	GlobalSection(SolutionConfigurationPlatforms) = preSolution
		Debug|Any CPU = Debug|Any CPU
		Release|Any CPU = Release|Any CPU
	EndGlobalSection
	GlobalSection(ProjectConfigurationPlatforms) = postSolution
		{743CB350-8687-4906-8EFD-01375080FC7D}.Debug|Any CPU.ActiveCfg = Debug|Any CPU
		{743CB350-8687-4906-8EFD-01375080FC7D}.Debug|Any CPU.Build.0 = Debug|Any CPU
		{743CB350-8687-4906-8EFD-01375080FC7D}.Release|Any CPU.ActiveCfg = Release|Any CPU
		{743CB350-8687-4906-8EFD-01375080FC7D}.Release|Any CPU.Build.0 = Release|Any CPU
	EndGlobalSection
	GlobalSection(SolutionProperties) = preSolution
		HideSolutionNode = FALSE
	EndGlobalSection
	GlobalSection(ExtensibilityGlobals) = postSolution
		SolutionGuid = {D3FE8D68-1072-4BC9-ABA6-F3234F63781C}
	EndGlobalSection
EndGlobal
